
Microsoft Visual Studio Solution File, Format Version 12.00
# Visual Studio Version 17
VisualStudioVersion = 17.3.32901.215
MinimumVisualStudioVersion = 10.0.40219.1
Project("{FAE04EC0-301F-11D3-BF4B-00C04F79EFBC}") = "ProductApi.Net.Domain", "ApiProduto.Net.Dominio\ProductApi.Net.Domain.csproj", "{8BAB1BEF-111A-479D-B7CB-65A6ABB33FFF}"
EndProject
Project("{FAE04EC0-301F-11D3-BF4B-00C04F79EFBC}") = "ProductApi.Net.Infra", "ApiProduto.Net.Infra\ProductApi.Net.Infra.csproj", "{076FEF7E-BBDA-4AF8-811E-9E6B8BE161DD}"
EndProject
Project("{FAE04EC0-301F-11D3-BF4B-00C04F79EFBC}") = "ProductApi.Net.Api", "ApiProduct.Net.Api\ProductApi.Net.Api.csproj", "{045A6EDA-643A-4849-9E61-E6851CC73343}"
EndProject
Project("{2150E333-8FDC-42A3-9474-1A3956D46DE8}") = "Solution Items", "Solution Items", "{8DD76705-5BCA-4372-86AB-37043988950B}"
	ProjectSection(SolutionItems) = preProject
		01-Create_Table_Product.sql = 01-Create_Table_Product.sql
		02-Create_SP_GetAllProducts.sql = 02-Create_SP_GetAllProducts.sql
		03-Create_SP_GetProductById.sql = 03-Create_SP_GetProductById.sql
	EndProjectSection
EndProject
Global
	GlobalSection(SolutionConfigurationPlatforms) = preSolution
		Debug|Any CPU = Debug|Any CPU
		Release|Any CPU = Release|Any CPU
	EndGlobalSection
	GlobalSection(ProjectConfigurationPlatforms) = postSolution
		{8BAB1BEF-111A-479D-B7CB-65A6ABB33FFF}.Debug|Any CPU.ActiveCfg = Debug|Any CPU
		{8BAB1BEF-111A-479D-B7CB-65A6ABB33FFF}.Debug|Any CPU.Build.0 = Debug|Any CPU
		{8BAB1BEF-111A-479D-B7CB-65A6ABB33FFF}.Release|Any CPU.ActiveCfg = Release|Any CPU
		{8BAB1BEF-111A-479D-B7CB-65A6ABB33FFF}.Release|Any CPU.Build.0 = Release|Any CPU
		{076FEF7E-BBDA-4AF8-811E-9E6B8BE161DD}.Debug|Any CPU.ActiveCfg = Debug|Any CPU
		{076FEF7E-BBDA-4AF8-811E-9E6B8BE161DD}.Debug|Any CPU.Build.0 = Debug|Any CPU
		{076FEF7E-BBDA-4AF8-811E-9E6B8BE161DD}.Release|Any CPU.ActiveCfg = Release|Any CPU
		{076FEF7E-BBDA-4AF8-811E-9E6B8BE161DD}.Release|Any CPU.Build.0 = Release|Any CPU
		{045A6EDA-643A-4849-9E61-E6851CC73343}.Debug|Any CPU.ActiveCfg = Debug|Any CPU
		{045A6EDA-643A-4849-9E61-E6851CC73343}.Debug|Any CPU.Build.0 = Debug|Any CPU
		{045A6EDA-643A-4849-9E61-E6851CC73343}.Release|Any CPU.ActiveCfg = Release|Any CPU
		{045A6EDA-643A-4849-9E61-E6851CC73343}.Release|Any CPU.Build.0 = Release|Any CPU
	EndGlobalSection
	GlobalSection(SolutionProperties) = preSolution
		HideSolutionNode = FALSE
	EndGlobalSection
	GlobalSection(ExtensibilityGlobals) = postSolution
		SolutionGuid = {3FA98522-7846-4014-98D3-8AE5B53595B4}
	EndGlobalSection
EndGlobal
